
Microsoft Visual Studio Solution File, Format Version 12.00
# Visual Studio 15
VisualStudioVersion = 15.0.28307.271
MinimumVisualStudioVersion = 10.0.40219.1
Project("{FAE04EC0-301F-11D3-BF4B-00C04F79EFBC}") = "ProjectDag", "ProjectDag\ProjectDag.csproj", "{FEF90CE6-B57D-41DD-9BEA-A5CA1A425992}"
EndProject
Global
	GlobalSection(SolutionConfigurationPlatforms) = preSolution
		Debug|Any CPU = Debug|Any CPU
		Release|Any CPU = Release|Any CPU
	EndGlobalSection
	GlobalSection(ProjectConfigurationPlatforms) = postSolution
		{FEF90CE6-B57D-41DD-9BEA-A5CA1A425992}.Debug|Any CPU.ActiveCfg = Debug|Any CPU
		{FEF90CE6-B57D-41DD-9BEA-A5CA1A425992}.Debug|Any CPU.Build.0 = Debug|Any CPU
		{FEF90CE6-B57D-41DD-9BEA-A5CA1A425992}.Release|Any CPU.ActiveCfg = Release|Any CPU
		{FEF90CE6-B57D-41DD-9BEA-A5CA1A425992}.Release|Any CPU.Build.0 = Release|Any CPU
	EndGlobalSection
	GlobalSection(SolutionProperties) = preSolution
		HideSolutionNode = FALSE
	EndGlobalSection
	GlobalSection(ExtensibilityGlobals) = postSolution
		SolutionGuid = {DFCEC9DA-75B9-451B-A37A-F17041989910}
	EndGlobalSection
EndGlobal
